// !$*UTF8*$!
{
	archiveVersion = 1;
	classes = {
	};
	objectVersion = 46;
	objects = {

/* Begin PBXBuildFile section */
		231B8F411FC3118400360A90 /* main.m in Sources */ = {isa = PBXBuildFile; fileRef = 231B8F401FC3118400360A90 /* main.m */; };
		231B8F441FC3118400360A90 /* AppDelegate.m in Sources */ = {isa = PBXBuildFile; fileRef = 231B8F431FC3118400360A90 /* AppDelegate.m */; };
		231B8F471FC3118400360A90 /* ViewController.m in Sources */ = {isa = PBXBuildFile; fileRef = 231B8F461FC3118400360A90 /* ViewController.m */; };
		231B8F4A1FC3118400360A90 /* Main.storyboard in Resources */ = {isa = PBXBuildFile; fileRef = 231B8F481FC3118400360A90 /* Main.storyboard */; };
		231B8F4C1FC3118400360A90 /* Assets.xcassets in Resources */ = {isa = PBXBuildFile; fileRef = 231B8F4B1FC3118400360A90 /* Assets.xcassets */; };
		231B8F4F1FC3118400360A90 /* LaunchScreen.storyboard in Resources */ = {isa = PBXBuildFile; fileRef = 231B8F4D1FC3118400360A90 /* LaunchScreen.storyboard */; };
		231B8F5A1FC3118400360A90 /* Password_ScreenTests.m in Sources */ = {isa = PBXBuildFile; fileRef = 231B8F591FC3118400360A90 /* Password_ScreenTests.m */; };
		231B8F651FC3118400360A90 /* Password_ScreenUITests.m in Sources */ = {isa = PBXBuildFile; fileRef = 231B8F641FC3118400360A90 /* Password_ScreenUITests.m */; };
		231B8F741FC3290000360A90 /* SelectFunctionViewController.m in Sources */ = {isa = PBXBuildFile; fileRef = 231B8F731FC3290000360A90 /* SelectFunctionViewController.m */; };
		231B8F771FC32E1C00360A90 /* StaffInfoViewController.m in Sources */ = {isa = PBXBuildFile; fileRef = 231B8F761FC32E1C00360A90 /* StaffInfoViewController.m */; };
		231B8F7A1FC32EAA00360A90 /* StaffListTableViewController.m in Sources */ = {isa = PBXBuildFile; fileRef = 231B8F791FC32EAA00360A90 /* StaffListTableViewController.m */; };
		231B8F7D1FC33F2600360A90 /* StaffInfoDataModel.m in Sources */ = {isa = PBXBuildFile; fileRef = 231B8F7C1FC33F2600360A90 /* StaffInfoDataModel.m */; };
		231B8F801FC3433200360A90 /* StaffInformation.m in Sources */ = {isa = PBXBuildFile; fileRef = 231B8F7F1FC3433200360A90 /* StaffInformation.m */; };
		2337260E1FC73B5C008D7912 /* BeginRotaTableViewController.m in Sources */ = {isa = PBXBuildFile; fileRef = 2337260D1FC73B5C008D7912 /* BeginRotaTableViewController.m */; };
		23C4FFAA1FC6CB5900D6566D /* Face2.jpg in Resources */ = {isa = PBXBuildFile; fileRef = 23C4FFA91FC6CB5900D6566D /* Face2.jpg */; };
		23C4FFAC1FC6CB6800D6566D /* Face3.jpg in Resources */ = {isa = PBXBuildFile; fileRef = 23C4FFAB1FC6CB6800D6566D /* Face3.jpg */; };
		23C4FFAE1FC6CB8B00D6566D /* Face4.jpg in Resources */ = {isa = PBXBuildFile; fileRef = 23C4FFAD1FC6CB8B00D6566D /* Face4.jpg */; };
		23C4FFB01FC6CB9700D6566D /* Face5.jpg in Resources */ = {isa = PBXBuildFile; fileRef = 23C4FFAF1FC6CB9700D6566D /* Face5.jpg */; };
		23C4FFB21FC6CBA000D6566D /* Face6.png in Resources */ = {isa = PBXBuildFile; fileRef = 23C4FFB11FC6CBA000D6566D /* Face6.png */; };
		23C4FFB41FC6D5AB00D6566D /* Face1.jpg in Resources */ = {isa = PBXBuildFile; fileRef = 23C4FFB31FC6D5AB00D6566D /* Face1.jpg */; };
		23C4FFB61FC6D72600D6566D /* Face11.jpg in Resources */ = {isa = PBXBuildFile; fileRef = 23C4FFB51FC6D72600D6566D /* Face11.jpg */; };
		23C4FFB81FC6D73000D6566D /* Face8.jpg in Resources */ = {isa = PBXBuildFile; fileRef = 23C4FFB71FC6D73000D6566D /* Face8.jpg */; };
		23C4FFBA1FC6D73500D6566D /* Face9.jpg in Resources */ = {isa = PBXBuildFile; fileRef = 23C4FFB91FC6D73500D6566D /* Face9.jpg */; };
		23C4FFBC1FC6D76E00D6566D /* Face10.JPG in Resources */ = {isa = PBXBuildFile; fileRef = 23C4FFBB1FC6D76E00D6566D /* Face10.JPG */; };
		23D9C8A51FCD8E1A000E87D1 /* CustomBeginRotaTableViewCell.m in Sources */ = {isa = PBXBuildFile; fileRef = 23D9C8A41FCD8E1A000E87D1 /* CustomBeginRotaTableViewCell.m */; };
		23D9C8A81FCD94B0000E87D1 /* CustomCreateRotaTableViewCell.m in Sources */ = {isa = PBXBuildFile; fileRef = 23D9C8A71FCD94B0000E87D1 /* CustomCreateRotaTableViewCell.m */; };
		23D9C8AA1FCDADC7000E87D1 /* Face7.jpg in Resources */ = {isa = PBXBuildFile; fileRef = 23D9C8A91FCDADC7000E87D1 /* Face7.jpg */; };
		23DC7BD21FCC6C72006C936F /* CreateRotaTableViewController.m in Sources */ = {isa = PBXBuildFile; fileRef = 23DC7BD11FCC6C72006C936F /* CreateRotaTableViewController.m */; };
/* End PBXBuildFile section */

/* Begin PBXContainerItemProxy section */
		231B8F561FC3118400360A90 /* PBXContainerItemProxy */ = {
			isa = PBXContainerItemProxy;
			containerPortal = 231B8F341FC3118400360A90 /* Project object */;
			proxyType = 1;
			remoteGlobalIDString = 231B8F3B1FC3118400360A90;
			remoteInfo = "Password Screen";
		};
		231B8F611FC3118400360A90 /* PBXContainerItemProxy */ = {
			isa = PBXContainerItemProxy;
			containerPortal = 231B8F341FC3118400360A90 /* Project object */;
			proxyType = 1;
			remoteGlobalIDString = 231B8F3B1FC3118400360A90;
			remoteInfo = "Password Screen";
		};
/* End PBXContainerItemProxy section */

/* Begin PBXFileReference section */
		231B8F3C1FC3118400360A90 /* Password Screen.app */ = {isa = PBXFileReference; explicitFileType = wrapper.application; includeInIndex = 0; path = "Password Screen.app"; sourceTree = BUILT_PRODUCTS_DIR; };
		231B8F401FC3118400360A90 /* main.m */ = {isa = PBXFileReference; lastKnownFileType = sourcecode.c.objc; path = main.m; sourceTree = "<group>"; };
		231B8F421FC3118400360A90 /* AppDelegate.h */ = {isa = PBXFileReference; lastKnownFileType = sourcecode.c.h; path = AppDelegate.h; sourceTree = "<group>"; };
		231B8F431FC3118400360A90 /* AppDelegate.m */ = {isa = PBXFileReference; lastKnownFileType = sourcecode.c.objc; path = AppDelegate.m; sourceTree = "<group>"; };
		231B8F451FC3118400360A90 /* ViewController.h */ = {isa = PBXFileReference; lastKnownFileType = sourcecode.c.h; path = ViewController.h; sourceTree = "<group>"; };
		231B8F461FC3118400360A90 /* ViewController.m */ = {isa = PBXFileReference; lastKnownFileType = sourcecode.c.objc; path = ViewController.m; sourceTree = "<group>"; };
		231B8F491FC3118400360A90 /* Base */ = {isa = PBXFileReference; lastKnownFileType = file.storyboard; name = Base; path = Base.lproj/Main.storyboard; sourceTree = "<group>"; };
		231B8F4B1FC3118400360A90 /* Assets.xcassets */ = {isa = PBXFileReference; lastKnownFileType = folder.assetcatalog; path = Assets.xcassets; sourceTree = "<group>"; };
		231B8F4E1FC3118400360A90 /* Base */ = {isa = PBXFileReference; lastKnownFileType = file.storyboard; name = Base; path = Base.lproj/LaunchScreen.storyboard; sourceTree = "<group>"; };
		231B8F501FC3118400360A90 /* Info.plist */ = {isa = PBXFileReference; lastKnownFileType = text.plist.xml; path = Info.plist; sourceTree = "<group>"; };
		231B8F551FC3118400360A90 /* Password ScreenTests.xctest */ = {isa = PBXFileReference; explicitFileType = wrapper.cfbundle; includeInIndex = 0; path = "Password ScreenTests.xctest"; sourceTree = BUILT_PRODUCTS_DIR; };
		231B8F591FC3118400360A90 /* Password_ScreenTests.m */ = {isa = PBXFileReference; lastKnownFileType = sourcecode.c.objc; path = Password_ScreenTests.m; sourceTree = "<group>"; };
		231B8F5B1FC3118400360A90 /* Info.plist */ = {isa = PBXFileReference; lastKnownFileType = text.plist.xml; path = Info.plist; sourceTree = "<group>"; };
		231B8F601FC3118400360A90 /* Password ScreenUITests.xctest */ = {isa = PBXFileReference; explicitFileType = wrapper.cfbundle; includeInIndex = 0; path = "Password ScreenUITests.xctest"; sourceTree = BUILT_PRODUCTS_DIR; };
		231B8F641FC3118400360A90 /* Password_ScreenUITests.m */ = {isa = PBXFileReference; lastKnownFileType = sourcecode.c.objc; path = Password_ScreenUITests.m; sourceTree = "<group>"; };
		231B8F661FC3118400360A90 /* Info.plist */ = {isa = PBXFileReference; lastKnownFileType = text.plist.xml; path = Info.plist; sourceTree = "<group>"; };
		231B8F721FC3290000360A90 /* SelectFunctionViewController.h */ = {isa = PBXFileReference; fileEncoding = 4; lastKnownFileType = sourcecode.c.h; name = SelectFunctionViewController.h; path = ../SelectFunctionViewController.h; sourceTree = "<group>"; };
		231B8F731FC3290000360A90 /* SelectFunctionViewController.m */ = {isa = PBXFileReference; fileEncoding = 4; lastKnownFileType = sourcecode.c.objc; name = SelectFunctionViewController.m; path = ../SelectFunctionViewController.m; sourceTree = "<group>"; };
		231B8F751FC32E1C00360A90 /* StaffInfoViewController.h */ = {isa = PBXFileReference; fileEncoding = 4; lastKnownFileType = sourcecode.c.h; path = StaffInfoViewController.h; sourceTree = "<group>"; };
		231B8F761FC32E1C00360A90 /* StaffInfoViewController.m */ = {isa = PBXFileReference; fileEncoding = 4; lastKnownFileType = sourcecode.c.objc; path = StaffInfoViewController.m; sourceTree = "<group>"; };
		231B8F781FC32EAA00360A90 /* StaffListTableViewController.h */ = {isa = PBXFileReference; fileEncoding = 4; lastKnownFileType = sourcecode.c.h; path = StaffListTableViewController.h; sourceTree = "<group>"; };
		231B8F791FC32EAA00360A90 /* StaffListTableViewController.m */ = {isa = PBXFileReference; fileEncoding = 4; lastKnownFileType = sourcecode.c.objc; path = StaffListTableViewController.m; sourceTree = "<group>"; };
		231B8F7B1FC33F2600360A90 /* StaffInfoDataModel.h */ = {isa = PBXFileReference; fileEncoding = 4; lastKnownFileType = sourcecode.c.h; path = StaffInfoDataModel.h; sourceTree = "<group>"; };
		231B8F7C1FC33F2600360A90 /* StaffInfoDataModel.m */ = {isa = PBXFileReference; fileEncoding = 4; lastKnownFileType = sourcecode.c.objc; path = StaffInfoDataModel.m; sourceTree = "<group>"; };
		231B8F7E1FC3433200360A90 /* StaffInformation.h */ = {isa = PBXFileReference; fileEncoding = 4; lastKnownFileType = sourcecode.c.h; path = StaffInformation.h; sourceTree = "<group>"; };
		231B8F7F1FC3433200360A90 /* StaffInformation.m */ = {isa = PBXFileReference; fileEncoding = 4; lastKnownFileType = sourcecode.c.objc; path = StaffInformation.m; sourceTree = "<group>"; };
		2337260C1FC73B5C008D7912 /* BeginRotaTableViewController.h */ = {isa = PBXFileReference; fileEncoding = 4; lastKnownFileType = sourcecode.c.h; path = BeginRotaTableViewController.h; sourceTree = "<group>"; };
		2337260D1FC73B5C008D7912 /* BeginRotaTableViewController.m */ = {isa = PBXFileReference; fileEncoding = 4; lastKnownFileType = sourcecode.c.objc; path = BeginRotaTableViewController.m; sourceTree = "<group>"; };
		23C4FFA91FC6CB5900D6566D /* Face2.jpg */ = {isa = PBXFileReference; lastKnownFileType = image.jpeg; path = Face2.jpg; sourceTree = "<group>"; };
		23C4FFAB1FC6CB6800D6566D /* Face3.jpg */ = {isa = PBXFileReference; lastKnownFileType = image.jpeg; path = Face3.jpg; sourceTree = "<group>"; };
		23C4FFAD1FC6CB8B00D6566D /* Face4.jpg */ = {isa = PBXFileReference; lastKnownFileType = image.jpeg; path = Face4.jpg; sourceTree = "<group>"; };
		23C4FFAF1FC6CB9700D6566D /* Face5.jpg */ = {isa = PBXFileReference; lastKnownFileType = image.jpeg; path = Face5.jpg; sourceTree = "<group>"; };
		23C4FFB11FC6CBA000D6566D /* Face6.png */ = {isa = PBXFileReference; lastKnownFileType = image.png; path = Face6.png; sourceTree = "<group>"; };
		23C4FFB31FC6D5AB00D6566D /* Face1.jpg */ = {isa = PBXFileReference; lastKnownFileType = image.jpeg; path = Face1.jpg; sourceTree = "<group>"; };
		23C4FFB51FC6D72600D6566D /* Face11.jpg */ = {isa = PBXFileReference; lastKnownFileType = image.jpeg; path = Face11.jpg; sourceTree = "<group>"; };
		23C4FFB71FC6D73000D6566D /* Face8.jpg */ = {isa = PBXFileReference; lastKnownFileType = image.jpeg; path = Face8.jpg; sourceTree = "<group>"; };
		23C4FFB91FC6D73500D6566D /* Face9.jpg */ = {isa = PBXFileReference; lastKnownFileType = image.jpeg; path = Face9.jpg; sourceTree = "<group>"; };
		23C4FFBB1FC6D76E00D6566D /* Face10.JPG */ = {isa = PBXFileReference; lastKnownFileType = image.jpeg; path = Face10.JPG; sourceTree = "<group>"; };
		23D9C8A31FCD8E1A000E87D1 /* CustomBeginRotaTableViewCell.h */ = {isa = PBXFileReference; fileEncoding = 4; lastKnownFileType = sourcecode.c.h; path = CustomBeginRotaTableViewCell.h; sourceTree = "<group>"; };
		23D9C8A41FCD8E1A000E87D1 /* CustomBeginRotaTableViewCell.m */ = {isa = PBXFileReference; fileEncoding = 4; lastKnownFileType = sourcecode.c.objc; path = CustomBeginRotaTableViewCell.m; sourceTree = "<group>"; };
		23D9C8A61FCD94B0000E87D1 /* CustomCreateRotaTableViewCell.h */ = {isa = PBXFileReference; fileEncoding = 4; lastKnownFileType = sourcecode.c.h; path = CustomCreateRotaTableViewCell.h; sourceTree = "<group>"; };
		23D9C8A71FCD94B0000E87D1 /* CustomCreateRotaTableViewCell.m */ = {isa = PBXFileReference; fileEncoding = 4; lastKnownFileType = sourcecode.c.objc; path = CustomCreateRotaTableViewCell.m; sourceTree = "<group>"; };
		23D9C8A91FCDADC7000E87D1 /* Face7.jpg */ = {isa = PBXFileReference; lastKnownFileType = image.jpeg; path = Face7.jpg; sourceTree = "<group>"; };
		23DC7BD01FCC6C72006C936F /* CreateRotaTableViewController.h */ = {isa = PBXFileReference; fileEncoding = 4; lastKnownFileType = sourcecode.c.h; name = CreateRotaTableViewController.h; path = ../CreateRotaTableViewController.h; sourceTree = "<group>"; };
		23DC7BD11FCC6C72006C936F /* CreateRotaTableViewController.m */ = {isa = PBXFileReference; fileEncoding = 4; lastKnownFileType = sourcecode.c.objc; name = CreateRotaTableViewController.m; path = ../CreateRotaTableViewController.m; sourceTree = "<group>"; };
/* End PBXFileReference section */

/* Begin PBXFrameworksBuildPhase section */
		231B8F391FC3118400360A90 /* Frameworks */ = {
			isa = PBXFrameworksBuildPhase;
			buildActionMask = 2147483647;
			files = (
			);
			runOnlyForDeploymentPostprocessing = 0;
		};
		231B8F521FC3118400360A90 /* Frameworks */ = {
			isa = PBXFrameworksBuildPhase;
			buildActionMask = 2147483647;
			files = (
			);
			runOnlyForDeploymentPostprocessing = 0;
		};
		231B8F5D1FC3118400360A90 /* Frameworks */ = {
			isa = PBXFrameworksBuildPhase;
			buildActionMask = 2147483647;
			files = (
			);
			runOnlyForDeploymentPostprocessing = 0;
		};
/* End PBXFrameworksBuildPhase section */

/* Begin PBXGroup section */
		231B8F331FC3118400360A90 = {
			isa = PBXGroup;
			children = (
				231B8F3E1FC3118400360A90 /* Password Screen */,
				231B8F581FC3118400360A90 /* Password ScreenTests */,
				231B8F631FC3118400360A90 /* Password ScreenUITests */,
				231B8F3D1FC3118400360A90 /* Products */,
			);
			sourceTree = "<group>";
		};
		231B8F3D1FC3118400360A90 /* Products */ = {
			isa = PBXGroup;
			children = (
				231B8F3C1FC3118400360A90 /* Password Screen.app */,
				231B8F551FC3118400360A90 /* Password ScreenTests.xctest */,
				231B8F601FC3118400360A90 /* Password ScreenUITests.xctest */,
			);
			name = Products;
			sourceTree = "<group>";
		};
		231B8F3E1FC3118400360A90 /* Password Screen */ = {
			isa = PBXGroup;
			children = (
				231B8F421FC3118400360A90 /* AppDelegate.h */,
				231B8F431FC3118400360A90 /* AppDelegate.m */,
				231B8F451FC3118400360A90 /* ViewController.h */,
				231B8F461FC3118400360A90 /* ViewController.m */,
				231B8F721FC3290000360A90 /* SelectFunctionViewController.h */,
				231B8F731FC3290000360A90 /* SelectFunctionViewController.m */,
				231B8F481FC3118400360A90 /* Main.storyboard */,
				2337260C1FC73B5C008D7912 /* BeginRotaTableViewController.h */,
				2337260D1FC73B5C008D7912 /* BeginRotaTableViewController.m */,
				23D9C8A31FCD8E1A000E87D1 /* CustomBeginRotaTableViewCell.h */,
				23D9C8A41FCD8E1A000E87D1 /* CustomBeginRotaTableViewCell.m */,
				23DC7BD01FCC6C72006C936F /* CreateRotaTableViewController.h */,
				23DC7BD11FCC6C72006C936F /* CreateRotaTableViewController.m */,
				23D9C8A61FCD94B0000E87D1 /* CustomCreateRotaTableViewCell.h */,
				23D9C8A71FCD94B0000E87D1 /* CustomCreateRotaTableViewCell.m */,
				231B8F781FC32EAA00360A90 /* StaffListTableViewController.h */,
				231B8F791FC32EAA00360A90 /* StaffListTableViewController.m */,
				231B8F751FC32E1C00360A90 /* StaffInfoViewController.h */,
				231B8F761FC32E1C00360A90 /* StaffInfoViewController.m */,
				231B8F7E1FC3433200360A90 /* StaffInformation.h */,
				231B8F7F1FC3433200360A90 /* StaffInformation.m */,
				231B8F7B1FC33F2600360A90 /* StaffInfoDataModel.h */,
				231B8F7C1FC33F2600360A90 /* StaffInfoDataModel.m */,
				231B8F4B1FC3118400360A90 /* Assets.xcassets */,
				231B8F4D1FC3118400360A90 /* LaunchScreen.storyboard */,
				231B8F501FC3118400360A90 /* Info.plist */,
				23C4FFB31FC6D5AB00D6566D /* Face1.jpg */,
				23C4FFA91FC6CB5900D6566D /* Face2.jpg */,
				23C4FFAB1FC6CB6800D6566D /* Face3.jpg */,
				23C4FFAD1FC6CB8B00D6566D /* Face4.jpg */,
				23C4FFAF1FC6CB9700D6566D /* Face5.jpg */,
				23C4FFB11FC6CBA000D6566D /* Face6.png */,
				23D9C8A91FCDADC7000E87D1 /* Face7.jpg */,
				23C4FFB71FC6D73000D6566D /* Face8.jpg */,
				23C4FFB91FC6D73500D6566D /* Face9.jpg */,
				23C4FFBB1FC6D76E00D6566D /* Face10.JPG */,
				23C4FFB51FC6D72600D6566D /* Face11.jpg */,
				231B8F3F1FC3118400360A90 /* Supporting Files */,
			);
			path = "Password Screen";
			sourceTree = "<group>";
		};
		231B8F3F1FC3118400360A90 /* Supporting Files */ = {
			isa = PBXGroup;
			children = (
				231B8F401FC3118400360A90 /* main.m */,
			);
			name = "Supporting Files";
			sourceTree = "<group>";
		};
		231B8F581FC3118400360A90 /* Password ScreenTests */ = {
			isa = PBXGroup;
			children = (
				231B8F591FC3118400360A90 /* Password_ScreenTests.m */,
				231B8F5B1FC3118400360A90 /* Info.plist */,
			);
			path = "Password ScreenTests";
			sourceTree = "<group>";
		};
		231B8F631FC3118400360A90 /* Password ScreenUITests */ = {
			isa = PBXGroup;
			children = (
				231B8F641FC3118400360A90 /* Password_ScreenUITests.m */,
				231B8F661FC3118400360A90 /* Info.plist */,
			);
			path = "Password ScreenUITests";
			sourceTree = "<group>";
		};
/* End PBXGroup section */

/* Begin PBXNativeTarget section */
		231B8F3B1FC3118400360A90 /* Password Screen */ = {
			isa = PBXNativeTarget;
			buildConfigurationList = 231B8F691FC3118400360A90 /* Build configuration list for PBXNativeTarget "Password Screen" */;
			buildPhases = (
				231B8F381FC3118400360A90 /* Sources */,
				231B8F391FC3118400360A90 /* Frameworks */,
				231B8F3A1FC3118400360A90 /* Resources */,
			);
			buildRules = (
			);
			dependencies = (
			);
			name = "Password Screen";
			productName = "Password Screen";
			productReference = 231B8F3C1FC3118400360A90 /* Password Screen.app */;
			productType = "com.apple.product-type.application";
		};
		231B8F541FC3118400360A90 /* Password ScreenTests */ = {
			isa = PBXNativeTarget;
			buildConfigurationList = 231B8F6C1FC3118400360A90 /* Build configuration list for PBXNativeTarget "Password ScreenTests" */;
			buildPhases = (
				231B8F511FC3118400360A90 /* Sources */,
				231B8F521FC3118400360A90 /* Frameworks */,
				231B8F531FC3118400360A90 /* Resources */,
			);
			buildRules = (
			);
			dependencies = (
				231B8F571FC3118400360A90 /* PBXTargetDependency */,
			);
			name = "Password ScreenTests";
			productName = "Password ScreenTests";
			productReference = 231B8F551FC3118400360A90 /* Password ScreenTests.xctest */;
			productType = "com.apple.product-type.bundle.unit-test";
		};
		231B8F5F1FC3118400360A90 /* Password ScreenUITests */ = {
			isa = PBXNativeTarget;
			buildConfigurationList = 231B8F6F1FC3118400360A90 /* Build configuration list for PBXNativeTarget "Password ScreenUITests" */;
			buildPhases = (
				231B8F5C1FC3118400360A90 /* Sources */,
				231B8F5D1FC3118400360A90 /* Frameworks */,
				231B8F5E1FC3118400360A90 /* Resources */,
			);
			buildRules = (
			);
			dependencies = (
				231B8F621FC3118400360A90 /* PBXTargetDependency */,
			);
			name = "Password ScreenUITests";
			productName = "Password ScreenUITests";
			productReference = 231B8F601FC3118400360A90 /* Password ScreenUITests.xctest */;
			productType = "com.apple.product-type.bundle.ui-testing";
		};
/* End PBXNativeTarget section */

/* Begin PBXProject section */
		231B8F341FC3118400360A90 /* Project object */ = {
			isa = PBXProject;
			attributes = {
				LastUpgradeCheck = 0800;
				ORGANIZATIONNAME = "University of Leeds";
				TargetAttributes = {
					231B8F3B1FC3118400360A90 = {
						CreatedOnToolsVersion = 8.0;
						ProvisioningStyle = Automatic;
					};
					231B8F541FC3118400360A90 = {
						CreatedOnToolsVersion = 8.0;
						ProvisioningStyle = Automatic;
						TestTargetID = 231B8F3B1FC3118400360A90;
					};
					231B8F5F1FC3118400360A90 = {
						CreatedOnToolsVersion = 8.0;
						ProvisioningStyle = Automatic;
						TestTargetID = 231B8F3B1FC3118400360A90;
					};
				};
			};
			buildConfigurationList = 231B8F371FC3118400360A90 /* Build configuration list for PBXProject "Password Screen" */;
			compatibilityVersion = "Xcode 3.2";
			developmentRegion = English;
			hasScannedForEncodings = 0;
			knownRegions = (
				en,
				Base,
			);
			mainGroup = 231B8F331FC3118400360A90;
			productRefGroup = 231B8F3D1FC3118400360A90 /* Products */;
			projectDirPath = "";
			projectRoot = "";
			targets = (
				231B8F3B1FC3118400360A90 /* Password Screen */,
				231B8F541FC3118400360A90 /* Password ScreenTests */,
				231B8F5F1FC3118400360A90 /* Password ScreenUITests */,
			);
		};
/* End PBXProject section */

/* Begin PBXResourcesBuildPhase section */
		231B8F3A1FC3118400360A90 /* Resources */ = {
			isa = PBXResourcesBuildPhase;
			buildActionMask = 2147483647;
			files = (
				23C4FFB21FC6CBA000D6566D /* Face6.png in Resources */,
				23C4FFB41FC6D5AB00D6566D /* Face1.jpg in Resources */,
				231B8F4F1FC3118400360A90 /* LaunchScreen.storyboard in Resources */,
				231B8F4C1FC3118400360A90 /* Assets.xcassets in Resources */,
				23D9C8AA1FCDADC7000E87D1 /* Face7.jpg in Resources */,
				23C4FFBA1FC6D73500D6566D /* Face9.jpg in Resources */,
				23C4FFAA1FC6CB5900D6566D /* Face2.jpg in Resources */,
				23C4FFB01FC6CB9700D6566D /* Face5.jpg in Resources */,
				23C4FFAC1FC6CB6800D6566D /* Face3.jpg in Resources */,
				231B8F4A1FC3118400360A90 /* Main.storyboard in Resources */,
				23C4FFB61FC6D72600D6566D /* Face11.jpg in Resources */,
				23C4FFAE1FC6CB8B00D6566D /* Face4.jpg in Resources */,
				23C4FFB81FC6D73000D6566D /* Face8.jpg in Resources */,
				23C4FFBC1FC6D76E00D6566D /* Face10.JPG in Resources */,
			);
			runOnlyForDeploymentPostprocessing = 0;
		};
		231B8F531FC3118400360A90 /* Resources */ = {
			isa = PBXResourcesBuildPhase;
			buildActionMask = 2147483647;
			files = (
			);
			runOnlyForDeploymentPostprocessing = 0;
		};
		231B8F5E1FC3118400360A90 /* Resources */ = {
			isa = PBXResourcesBuildPhase;
			buildActionMask = 2147483647;
			files = (
			);
			runOnlyForDeploymentPostprocessing = 0;
		};
/* End PBXResourcesBuildPhase section */

/* Begin PBXSourcesBuildPhase section */
		231B8F381FC3118400360A90 /* Sources */ = {
			isa = PBXSourcesBuildPhase;
			buildActionMask = 2147483647;
			files = (
				23D9C8A51FCD8E1A000E87D1 /* CustomBeginRotaTableViewCell.m in Sources */,
				231B8F471FC3118400360A90 /* ViewController.m in Sources */,
				231B8F7A1FC32EAA00360A90 /* StaffListTableViewController.m in Sources */,
				2337260E1FC73B5C008D7912 /* BeginRotaTableViewController.m in Sources */,
				231B8F771FC32E1C00360A90 /* StaffInfoViewController.m in Sources */,
				231B8F441FC3118400360A90 /* AppDelegate.m in Sources */,
				231B8F7D1FC33F2600360A90 /* StaffInfoDataModel.m in Sources */,
				231B8F741FC3290000360A90 /* SelectFunctionViewController.m in Sources */,
				23DC7BD21FCC6C72006C936F /* CreateRotaTableViewController.m in Sources */,
				231B8F411FC3118400360A90 /* main.m in Sources */,
				23D9C8A81FCD94B0000E87D1 /* CustomCreateRotaTableViewCell.m in Sources */,
				231B8F801FC3433200360A90 /* StaffInformation.m in Sources */,
			);
			runOnlyForDeploymentPostprocessing = 0;
		};
		231B8F511FC3118400360A90 /* Sources */ = {
			isa = PBXSourcesBuildPhase;
			buildActionMask = 2147483647;
			files = (
				231B8F5A1FC3118400360A90 /* Password_ScreenTests.m in Sources */,
			);
			runOnlyForDeploymentPostprocessing = 0;
		};
		231B8F5C1FC3118400360A90 /* Sources */ = {
			isa = PBXSourcesBuildPhase;
			buildActionMask = 2147483647;
			files = (
				231B8F651FC3118400360A90 /* Password_ScreenUITests.m in Sources */,
			);
			runOnlyForDeploymentPostprocessing = 0;
		};
/* End PBXSourcesBuildPhase section */

/* Begin PBXTargetDependency section */
		231B8F571FC3118400360A90 /* PBXTargetDependency */ = {
			isa = PBXTargetDependency;
			target = 231B8F3B1FC3118400360A90 /* Password Screen */;
			targetProxy = 231B8F561FC3118400360A90 /* PBXContainerItemProxy */;
		};
		231B8F621FC3118400360A90 /* PBXTargetDependency */ = {
			isa = PBXTargetDependency;
			target = 231B8F3B1FC3118400360A90 /* Password Screen */;
			targetProxy = 231B8F611FC3118400360A90 /* PBXContainerItemProxy */;
		};
/* End PBXTargetDependency section */

/* Begin PBXVariantGroup section */
		231B8F481FC3118400360A90 /* Main.storyboard */ = {
			isa = PBXVariantGroup;
			children = (
				231B8F491FC3118400360A90 /* Base */,
			);
			name = Main.storyboard;
			sourceTree = "<group>";
		};
		231B8F4D1FC3118400360A90 /* LaunchScreen.storyboard */ = {
			isa = PBXVariantGroup;
			children = (
				231B8F4E1FC3118400360A90 /* Base */,
			);
			name = LaunchScreen.storyboard;
			sourceTree = "<group>";
		};
/* End PBXVariantGroup section */

/* Begin XCBuildConfiguration section */
		231B8F671FC3118400360A90 /* Debug */ = {
			isa = XCBuildConfiguration;
			buildSettings = {
				ALWAYS_SEARCH_USER_PATHS = NO;
				CLANG_ANALYZER_NONNULL = YES;
				CLANG_CXX_LANGUAGE_STANDARD = "gnu++0x";
				CLANG_CXX_LIBRARY = "libc++";
				CLANG_ENABLE_MODULES = YES;
				CLANG_ENABLE_OBJC_ARC = YES;
				CLANG_WARN_BOOL_CONVERSION = YES;
				CLANG_WARN_CONSTANT_CONVERSION = YES;
				CLANG_WARN_DIRECT_OBJC_ISA_USAGE = YES_ERROR;
				CLANG_WARN_DOCUMENTATION_COMMENTS = YES;
				CLANG_WARN_EMPTY_BODY = YES;
				CLANG_WARN_ENUM_CONVERSION = YES;
				CLANG_WARN_INFINITE_RECURSION = YES;
				CLANG_WARN_INT_CONVERSION = YES;
				CLANG_WARN_OBJC_ROOT_CLASS = YES_ERROR;
				CLANG_WARN_SUSPICIOUS_MOVES = YES;
				CLANG_WARN_UNREACHABLE_CODE = YES;
				CLANG_WARN__DUPLICATE_METHOD_MATCH = YES;
				"CODE_SIGN_IDENTITY[sdk=iphoneos*]" = "iPhone Developer";
				COPY_PHASE_STRIP = NO;
				DEBUG_INFORMATION_FORMAT = dwarf;
				ENABLE_STRICT_OBJC_MSGSEND = YES;
				ENABLE_TESTABILITY = YES;
				GCC_C_LANGUAGE_STANDARD = gnu99;
				GCC_DYNAMIC_NO_PIC = NO;
				GCC_NO_COMMON_BLOCKS = YES;
				GCC_OPTIMIZATION_LEVEL = 0;
				GCC_PREPROCESSOR_DEFINITIONS = (
					"DEBUG=1",
					"$(inherited)",
				);
				GCC_WARN_64_TO_32_BIT_CONVERSION = YES;
				GCC_WARN_ABOUT_RETURN_TYPE = YES_ERROR;
				GCC_WARN_UNDECLARED_SELECTOR = YES;
				GCC_WARN_UNINITIALIZED_AUTOS = YES_AGGRESSIVE;
				GCC_WARN_UNUSED_FUNCTION = YES;
				GCC_WARN_UNUSED_VARIABLE = YES;
				IPHONEOS_DEPLOYMENT_TARGET = 10.0;
				MTL_ENABLE_DEBUG_INFO = YES;
				ONLY_ACTIVE_ARCH = YES;
				SDKROOT = iphoneos;
				TARGETED_DEVICE_FAMILY = "1,2";
			};
			name = Debug;
		};
		231B8F681FC3118400360A90 /* Release */ = {
			isa = XCBuildConfiguration;
			buildSettings = {
				ALWAYS_SEARCH_USER_PATHS = NO;
				CLANG_ANALYZER_NONNULL = YES;
				CLANG_CXX_LANGUAGE_STANDARD = "gnu++0x";
				CLANG_CXX_LIBRARY = "libc++";
				CLANG_ENABLE_MODULES = YES;
				CLANG_ENABLE_OBJC_ARC = YES;
				CLANG_WARN_BOOL_CONVERSION = YES;
				CLANG_WARN_CONSTANT_CONVERSION = YES;
				CLANG_WARN_DIRECT_OBJC_ISA_USAGE = YES_ERROR;
				CLANG_WARN_DOCUMENTATION_COMMENTS = YES;
				CLANG_WARN_EMPTY_BODY = YES;
				CLANG_WARN_ENUM_CONVERSION = YES;
				CLANG_WARN_INFINITE_RECURSION = YES;
				CLANG_WARN_INT_CONVERSION = YES;
				CLANG_WARN_OBJC_ROOT_CLASS = YES_ERROR;
				CLANG_WARN_SUSPICIOUS_MOVES = YES;
				CLANG_WARN_UNREACHABLE_CODE = YES;
				CLANG_WARN__DUPLICATE_METHOD_MATCH = YES;
				"CODE_SIGN_IDENTITY[sdk=iphoneos*]" = "iPhone Developer";
				COPY_PHASE_STRIP = NO;
				DEBUG_INFORMATION_FORMAT = "dwarf-with-dsym";
				ENABLE_NS_ASSERTIONS = NO;
				ENABLE_STRICT_OBJC_MSGSEND = YES;
				GCC_C_LANGUAGE_STANDARD = gnu99;
				GCC_NO_COMMON_BLOCKS = YES;
				GCC_WARN_64_TO_32_BIT_CONVERSION = YES;
				GCC_WARN_ABOUT_RETURN_TYPE = YES_ERROR;
				GCC_WARN_UNDECLARED_SELECTOR = YES;
				GCC_WARN_UNINITIALIZED_AUTOS = YES_AGGRESSIVE;
				GCC_WARN_UNUSED_FUNCTION = YES;
				GCC_WARN_UNUSED_VARIABLE = YES;
				IPHONEOS_DEPLOYMENT_TARGET = 10.0;
				MTL_ENABLE_DEBUG_INFO = NO;
				SDKROOT = iphoneos;
				TARGETED_DEVICE_FAMILY = "1,2";
				VALIDATE_PRODUCT = YES;
			};
			name = Release;
		};
		231B8F6A1FC3118400360A90 /* Debug */ = {
			isa = XCBuildConfiguration;
			buildSettings = {
				ASSETCATALOG_COMPILER_APPICON_NAME = AppIcon;
				INFOPLIST_FILE = "Password Screen/Info.plist";
				LD_RUNPATH_SEARCH_PATHS = "$(inherited) @executable_path/Frameworks";
				PRODUCT_BUNDLE_IDENTIFIER = "uk.ac.leeds.Password-Screen";
				PRODUCT_NAME = "$(TARGET_NAME)";
			};
			name = Debug;
		};
		231B8F6B1FC3118400360A90 /* Release */ = {
			isa = XCBuildConfiguration;
			buildSettings = {
				ASSETCATALOG_COMPILER_APPICON_NAME = AppIcon;
				INFOPLIST_FILE = "Password Screen/Info.plist";
				LD_RUNPATH_SEARCH_PATHS = "$(inherited) @executable_path/Frameworks";
				PRODUCT_BUNDLE_IDENTIFIER = "uk.ac.leeds.Password-Screen";
				PRODUCT_NAME = "$(TARGET_NAME)";
			};
			name = Release;
		};
		231B8F6D1FC3118400360A90 /* Debug */ = {
			isa = XCBuildConfiguration;
			buildSettings = {
				BUNDLE_LOADER = "$(TEST_HOST)";
				INFOPLIST_FILE = "Password ScreenTests/Info.plist";
				LD_RUNPATH_SEARCH_PATHS = "$(inherited) @executable_path/Frameworks @loader_path/Frameworks";
				PRODUCT_BUNDLE_IDENTIFIER = "uk.ac.leeds.Password-ScreenTests";
				PRODUCT_NAME = "$(TARGET_NAME)";
				TEST_HOST = "$(BUILT_PRODUCTS_DIR)/Password Screen.app/Password Screen";
			};
			name = Debug;
		};
		231B8F6E1FC3118400360A90 /* Release */ = {
			isa = XCBuildConfiguration;
			buildSettings = {
				BUNDLE_LOADER = "$(TEST_HOST)";
				INFOPLIST_FILE = "Password ScreenTests/Info.plist";
				LD_RUNPATH_SEARCH_PATHS = "$(inherited) @executable_path/Frameworks @loader_path/Frameworks";
				PRODUCT_BUNDLE_IDENTIFIER = "uk.ac.leeds.Password-ScreenTests";
				PRODUCT_NAME = "$(TARGET_NAME)";
				TEST_HOST = "$(BUILT_PRODUCTS_DIR)/Password Screen.app/Password Screen";
			};
			name = Release;
		};
		231B8F701FC3118400360A90 /* Debug */ = {
			isa = XCBuildConfiguration;
			buildSettings = {
				INFOPLIST_FILE = "Password ScreenUITests/Info.plist";
				LD_RUNPATH_SEARCH_PATHS = "$(inherited) @executable_path/Frameworks @loader_path/Frameworks";
				PRODUCT_BUNDLE_IDENTIFIER = "uk.ac.leeds.Password-ScreenUITests";
				PRODUCT_NAME = "$(TARGET_NAME)";
				TEST_TARGET_NAME = "Password Screen";
			};
			name = Debug;
		};
		231B8F711FC3118400360A90 /* Release */ = {
			isa = XCBuildConfiguration;
			buildSettings = {
				INFOPLIST_FILE = "Password ScreenUITests/Info.plist";
				LD_RUNPATH_SEARCH_PATHS = "$(inherited) @executable_path/Frameworks @loader_path/Frameworks";
				PRODUCT_BUNDLE_IDENTIFIER = "uk.ac.leeds.Password-ScreenUITests";
				PRODUCT_NAME = "$(TARGET_NAME)";
				TEST_TARGET_NAME = "Password Screen";
			};
			name = Release;
		};
/* End XCBuildConfiguration section */

/* Begin XCConfigurationList section */
		231B8F371FC3118400360A90 /* Build configuration list for PBXProject "Password Screen" */ = {
			isa = XCConfigurationList;
			buildConfigurations = (
				231B8F671FC3118400360A90 /* Debug */,
				231B8F681FC3118400360A90 /* Release */,
			);
			defaultConfigurationIsVisible = 0;
			defaultConfigurationName = Release;
		};
		231B8F691FC3118400360A90 /* Build configuration list for PBXNativeTarget "Password Screen" */ = {
			isa = XCConfigurationList;
			buildConfigurations = (
				231B8F6A1FC3118400360A90 /* Debug */,
				231B8F6B1FC3118400360A90 /* Release */,
			);
			defaultConfigurationIsVisible = 0;
			defaultConfigurationName = Release;
		};
		231B8F6C1FC3118400360A90 /* Build configuration list for PBXNativeTarget "Password ScreenTests" */ = {
			isa = XCConfigurationList;
			buildConfigurations = (
				231B8F6D1FC3118400360A90 /* Debug */,
				231B8F6E1FC3118400360A90 /* Release */,
			);
			defaultConfigurationIsVisible = 0;
			defaultConfigurationName = Release;
		};
		231B8F6F1FC3118400360A90 /* Build configuration list for PBXNativeTarget "Password ScreenUITests" */ = {
			isa = XCConfigurationList;
			buildConfigurations = (
				231B8F701FC3118400360A90 /* Debug */,
				231B8F711FC3118400360A90 /* Release */,
			);
			defaultConfigurationIsVisible = 0;
			defaultConfigurationName = Release;
		};
/* End XCConfigurationList section */
	};
	rootObject = 231B8F341FC3118400360A90 /* Project object */;
}
